
Microsoft Visual Studio Solution File, Format Version 12.00
# Visual Studio Version 16
VisualStudioVersion = 16.0.33801.447
MinimumVisualStudioVersion = 10.0.40219.1
Project("{8BC9CEB8-8B4A-11D0-8D11-00A0C91BC942}") = "InputHooks", "InputHooks\InputHooks.vcxproj", "{97F8A584-162A-48A6-9C14-5B921EC0A48A}"
EndProject
Global
	GlobalSection(SolutionConfigurationPlatforms) = preSolution
		Debug|x64 = Debug|x64
		Debug|x86 = Debug|x86
		Release|x64 = Release|x64
		Release|x86 = Release|x86
	EndGlobalSection
	GlobalSection(ProjectConfigurationPlatforms) = postSolution
		{97F8A584-162A-48A6-9C14-5B921EC0A48A}.Debug|x64.ActiveCfg = Debug|x64
		{97F8A584-162A-48A6-9C14-5B921EC0A48A}.Debug|x64.Build.0 = Debug|x64
		{97F8A584-162A-48A6-9C14-5B921EC0A48A}.Debug|x86.ActiveCfg = Debug|Win32
		{97F8A584-162A-48A6-9C14-5B921EC0A48A}.Debug|x86.Build.0 = Debug|Win32
		{97F8A584-162A-48A6-9C14-5B921EC0A48A}.Release|x64.ActiveCfg = Release|x64
		{97F8A584-162A-48A6-9C14-5B921EC0A48A}.Release|x64.Build.0 = Release|x64
		{97F8A584-162A-48A6-9C14-5B921EC0A48A}.Release|x86.ActiveCfg = Release|Win32
		{97F8A584-162A-48A6-9C14-5B921EC0A48A}.Release|x86.Build.0 = Release|Win32
	EndGlobalSection
	GlobalSection(SolutionProperties) = preSolution
		HideSolutionNode = FALSE
	EndGlobalSection
	GlobalSection(ExtensibilityGlobals) = postSolution
		SolutionGuid = {B6FF0FD9-2C4B-446B-8FB6-B147627A2E11}
	EndGlobalSection
EndGlobal
